
Microsoft Visual Studio Solution File, Format Version 12.00
# Visual Studio Version 17
VisualStudioVersion = 17.12.35527.113
MinimumVisualStudioVersion = 10.0.40219.1
Project("{2150E333-8FDC-42A3-9474-1A3956D46DE8}") = "src", "src", "{0B86C238-C83F-4645-8C84-5CB88027EA0A}"
EndProject
Project("{2150E333-8FDC-42A3-9474-1A3956D46DE8}") = "tests", "tests", "{59B7C222-494B-404A-96BF-0C5BE0C72D43}"
EndProject
Project("{FAE04EC0-301F-11D3-BF4B-00C04F79EFBC}") = "Tolitech.HttpClients", "src\HttpClients\Tolitech.HttpClients.csproj", "{AE056C38-6CC8-4064-A9E3-C24CBFE0A673}"
EndProject
Project("{FAE04EC0-301F-11D3-BF4B-00C04F79EFBC}") = "Tolitech.HttpClients.Abstractions", "src\HttpClients.Abstractions\Tolitech.HttpClients.Abstractions.csproj", "{E968E4E7-8BF8-416F-BDF1-B19FEF7CE0CD}"
EndProject
Project("{FAE04EC0-301F-11D3-BF4B-00C04F79EFBC}") = "Tolitech.HttpClients.UnitTests", "tests\HttpClients\Tolitech.HttpClients.UnitTests.csproj", "{7C2C9314-467C-4E6E-A947-CC68D3979340}"
EndProject
Project("{FAE04EC0-301F-11D3-BF4B-00C04F79EFBC}") = "Tolitech.HttpClients.Abstractions.UnitTests", "tests\HttpClients.Abstractions\Tolitech.HttpClients.Abstractions.UnitTests.csproj", "{473E53F5-7FF7-4A1A-A5A6-8C2ADEBA98C9}"
EndProject
Project("{2150E333-8FDC-42A3-9474-1A3956D46DE8}") = "Solution Items", "Solution Items", "{5281C82A-EACF-4B89-AAB8-4D2737593BF1}"
	ProjectSection(SolutionItems) = preProject
		.editorconfig = .editorconfig
		Directory.Build.props = Directory.Build.props
	EndProjectSection
EndProject
Global
	GlobalSection(SolutionConfigurationPlatforms) = preSolution
		Debug|Any CPU = Debug|Any CPU
		Release|Any CPU = Release|Any CPU
	EndGlobalSection
	GlobalSection(ProjectConfigurationPlatforms) = postSolution
		{AE056C38-6CC8-4064-A9E3-C24CBFE0A673}.Debug|Any CPU.ActiveCfg = Debug|Any CPU
		{AE056C38-6CC8-4064-A9E3-C24CBFE0A673}.Debug|Any CPU.Build.0 = Debug|Any CPU
		{AE056C38-6CC8-4064-A9E3-C24CBFE0A673}.Release|Any CPU.ActiveCfg = Release|Any CPU
		{AE056C38-6CC8-4064-A9E3-C24CBFE0A673}.Release|Any CPU.Build.0 = Release|Any CPU
		{E968E4E7-8BF8-416F-BDF1-B19FEF7CE0CD}.Debug|Any CPU.ActiveCfg = Debug|Any CPU
		{E968E4E7-8BF8-416F-BDF1-B19FEF7CE0CD}.Debug|Any CPU.Build.0 = Debug|Any CPU
		{E968E4E7-8BF8-416F-BDF1-B19FEF7CE0CD}.Release|Any CPU.ActiveCfg = Release|Any CPU
		{E968E4E7-8BF8-416F-BDF1-B19FEF7CE0CD}.Release|Any CPU.Build.0 = Release|Any CPU
		{7C2C9314-467C-4E6E-A947-CC68D3979340}.Debug|Any CPU.ActiveCfg = Debug|Any CPU
		{7C2C9314-467C-4E6E-A947-CC68D3979340}.Debug|Any CPU.Build.0 = Debug|Any CPU
		{7C2C9314-467C-4E6E-A947-CC68D3979340}.Release|Any CPU.ActiveCfg = Release|Any CPU
		{7C2C9314-467C-4E6E-A947-CC68D3979340}.Release|Any CPU.Build.0 = Release|Any CPU
		{473E53F5-7FF7-4A1A-A5A6-8C2ADEBA98C9}.Debug|Any CPU.ActiveCfg = Debug|Any CPU
		{473E53F5-7FF7-4A1A-A5A6-8C2ADEBA98C9}.Debug|Any CPU.Build.0 = Debug|Any CPU
		{473E53F5-7FF7-4A1A-A5A6-8C2ADEBA98C9}.Release|Any CPU.ActiveCfg = Release|Any CPU
		{473E53F5-7FF7-4A1A-A5A6-8C2ADEBA98C9}.Release|Any CPU.Build.0 = Release|Any CPU
	EndGlobalSection
	GlobalSection(SolutionProperties) = preSolution
		HideSolutionNode = FALSE
	EndGlobalSection
	GlobalSection(NestedProjects) = preSolution
		{AE056C38-6CC8-4064-A9E3-C24CBFE0A673} = {0B86C238-C83F-4645-8C84-5CB88027EA0A}
		{E968E4E7-8BF8-416F-BDF1-B19FEF7CE0CD} = {0B86C238-C83F-4645-8C84-5CB88027EA0A}
		{7C2C9314-467C-4E6E-A947-CC68D3979340} = {59B7C222-494B-404A-96BF-0C5BE0C72D43}
		{473E53F5-7FF7-4A1A-A5A6-8C2ADEBA98C9} = {59B7C222-494B-404A-96BF-0C5BE0C72D43}
	EndGlobalSection
EndGlobal
